
Microsoft Visual Studio Solution File, Format Version 12.00
# Visual Studio Version 16
VisualStudioVersion = 16.0.31019.35
MinimumVisualStudioVersion = 10.0.40219.1
Project("{FAE04EC0-301F-11D3-BF4B-00C04F79EFBC}") = "ObjectEdit", "ObjectEdit\ObjectEdit.csproj", "{3310EB9B-576C-4E2A-A3F5-2B9B6A61412A}"
EndProject
Global
	GlobalSection(SolutionConfigurationPlatforms) = preSolution
		Debug|Any CPU = Debug|Any CPU
		Release|Any CPU = Release|Any CPU
	EndGlobalSection
	GlobalSection(ProjectConfigurationPlatforms) = postSolution
		{3310EB9B-576C-4E2A-A3F5-2B9B6A61412A}.Debug|Any CPU.ActiveCfg = Debug|Any CPU
		{3310EB9B-576C-4E2A-A3F5-2B9B6A61412A}.Debug|Any CPU.Build.0 = Debug|Any CPU
		{3310EB9B-576C-4E2A-A3F5-2B9B6A61412A}.Release|Any CPU.ActiveCfg = Release|Any CPU
		{3310EB9B-576C-4E2A-A3F5-2B9B6A61412A}.Release|Any CPU.Build.0 = Release|Any CPU
	EndGlobalSection
	GlobalSection(SolutionProperties) = preSolution
		HideSolutionNode = FALSE
	EndGlobalSection
	GlobalSection(ExtensibilityGlobals) = postSolution
		SolutionGuid = {F46CB191-C90A-432B-9027-F456DAC93EFF}
	EndGlobalSection
EndGlobal
